<?xml version="1.0" encoding="utf-8"?>
<Project ToolsVersion="4.0" xmlns="http://schemas.microsoft.com/developer/msbuild/2003">
  <ItemGroup>
    <Filter Include="Source Files">
      <UniqueIdentifier>{4FC737F1-C7A5-4376-A066-2A32D752A2FF}</UniqueIdentifier>
      <Extensions>cpp;c;cc;cxx;c++;cppm;ixx;def;odl;idl;hpj;bat;asm;asmx</Extensions>
    </Filter>
    <Filter Include="Header Files">
      <UniqueIdentifier>{93995380-89BD-4b04-88EB-625FBE52EBFB}</UniqueIdentifier>
      <Extensions>h;hh;hpp;hxx;h++;hm;inl;inc;ipp;xsd</Extensions>
    </Filter>
    <Filter Include="Header Files\types">
      <UniqueIdentifier>{034a9afb-3e8b-414d-8aae-c5644079f54c}</UniqueIdentifier>
    </Filter>
    <Filter Include="Header Files\console">
      <UniqueIdentifier>{f93b8006-c832-4368-a100-ba10f15c326b}</UniqueIdentifier>
    </Filter>
    <Filter Include="Source Files\console">
      <UniqueIdentifier>{d21d4044-8e1c-4b83-b33f-b3bcead3cc42}</UniqueIdentifier>
    </Filter>
    <Filter Include="Source Files\types">
      <UniqueIdentifier>{4bf34b72-c1c1-460e-b1cb-bb07a16937a4}</UniqueIdentifier>
    </Filter>
    <Filter Include="Header Files\io">
      <UniqueIdentifier>{310e1980-8b71-475b-b848-6d348635164d}</UniqueIdentifier>
    </Filter>
    <Filter Include="Source Files\io">
      <UniqueIdentifier>{bf8b5f3a-1bb5-49d4-bb75-292605dacb32}</UniqueIdentifier>
    </Filter>
    <Filter Include="Header Files\utility">
      <UniqueIdentifier>{c9ba33da-c0fb-4060-8389-75e8d1580a84}</UniqueIdentifier>
    </Filter>
    <Filter Include="Header Files\xml">
      <UniqueIdentifier>{e5f53ed8-9b99-42ae-95a4-d02f3b84245c}</UniqueIdentifier>
    </Filter>
  </ItemGroup>
  <ItemGroup>
    <ClCompile Include="src\Types\fixed_variant.cpp">
      <Filter>Source Files\types</Filter>
    </ClCompile>
    <ClCompile Include="src\Types\rgba_color.cpp">
      <Filter>Source Files\types</Filter>
    </ClCompile>
    <ClCompile Include="src\Console\event_console.cpp">
      <Filter>Source Files\console</Filter>
    </ClCompile>
    <ClCompile Include="src\io\binary_reader.cpp">
      <Filter>Source Files\io</Filter>
    </ClCompile>
  </ItemGroup>
  <ItemGroup>
    <ClInclude Include="include\kaos\core\debug.h">
      <Filter>Header Files</Filter>
    </ClInclude>
    <ClInclude Include="include\kaos\core\exceptions.h">
      <Filter>Header Files</Filter>
    </ClInclude>
    <ClInclude Include="include\kaos\core\memory.h">
      <Filter>Header Files</Filter>
    </ClInclude>
    <ClInclude Include="include\kaos\core\console\event_console.h">
      <Filter>Header Files\console</Filter>
    </ClInclude>
    <ClInclude Include="include\kaos\core\io\binary_reader.h">
      <Filter>Header Files\io</Filter>
    </ClInclude>
    <ClInclude Include="include\kaos\core\types\abstract_bitfield.h">
      <Filter>Header Files\types</Filter>
    </ClInclude>
    <ClInclude Include="include\kaos\core\types\box_iterator.h">
      <Filter>Header Files\types</Filter>
    </ClInclude>
    <ClInclude Include="include\kaos\core\types\box_view.h">
      <Filter>Header Files\types</Filter>
    </ClInclude>
    <ClInclude Include="include\kaos\core\types\empty_bitfield.h">
      <Filter>Header Files\types</Filter>
    </ClInclude>
    <ClInclude Include="include\kaos\core\types\fixed_variant.h">
      <Filter>Header Files\types</Filter>
    </ClInclude>
    <ClInclude Include="include\kaos\core\types\rgba_color.h">
      <Filter>Header Files\types</Filter>
    </ClInclude>
    <ClInclude Include="include\kaos\core\types\single_bitfield.h">
      <Filter>Header Files\types</Filter>
    </ClInclude>
    <ClInclude Include="include\kaos\core\types\split_bitfield.h">
      <Filter>Header Files\types</Filter>
    </ClInclude>
    <ClInclude Include="include\kaos\core\types\vector2.h">
      <Filter>Header Files\types</Filter>
    </ClInclude>
    <ClInclude Include="include\kaos\core\utility\bit.h">
      <Filter>Header Files\utility</Filter>
    </ClInclude>
    <ClInclude Include="include\kaos\core\utility\bit_reader.h">
      <Filter>Header Files\utility</Filter>
    </ClInclude>
    <ClInclude Include="include\kaos\core\utility\string.h">
      <Filter>Header Files\utility</Filter>
    </ClInclude>
    <ClInclude Include="include\kaos\core\types\dimension2.h">
      <Filter>Header Files\types</Filter>
    </ClInclude>
    <ClInclude Include="include\kaos\core\xml\pugixml_extensions.h">
      <Filter>Header Files\xml</Filter>
    </ClInclude>
    <ClInclude Include="include\kaos\core\type_traits.h">
      <Filter>Header Files</Filter>
    </ClInclude>
    <ClInclude Include="include\kaos\core\types\property_extension.h">
      <Filter>Header Files\types</Filter>
    </ClInclude>
  </ItemGroup>
  <ItemGroup>
    <None Include="packages.config" />
  </ItemGroup>
</Project>